
Microsoft Visual Studio Solution File, Format Version 12.00
# Visual Studio 15
VisualStudioVersion = 15.0.28307.1000
MinimumVisualStudioVersion = 10.0.40219.1
Project("{8BC9CEB8-8B4A-11D0-8D11-00A0C91BC942}") = "win-pipe-lib", "win-pipe-lib\win-pipe-lib.vcxproj", "{194C4B3E-033A-409B-94EA-12F2FCF90E73}"
EndProject
Project("{8BC9CEB8-8B4A-11D0-8D11-00A0C91BC942}") = "basic-server-example", "basic-server-example\basic-server-example.vcxproj", "{50D4AAC7-D361-4873-BACC-103626B7C412}"
	ProjectSection(ProjectDependencies) = postProject
		{194C4B3E-033A-409B-94EA-12F2FCF90E73} = {194C4B3E-033A-409B-94EA-12F2FCF90E73}
	EndProjectSection
EndProject
Project("{8BC9CEB8-8B4A-11D0-8D11-00A0C91BC942}") = "basic-client-example", "basic-client-example\basic-client-example.vcxproj", "{536B41A7-5422-42E0-8301-98328AC28E70}"
	ProjectSection(ProjectDependencies) = postProject
		{194C4B3E-033A-409B-94EA-12F2FCF90E73} = {194C4B3E-033A-409B-94EA-12F2FCF90E73}
	EndProjectSection
EndProject
Global
	GlobalSection(SolutionConfigurationPlatforms) = preSolution
		Debug|x64 = Debug|x64
		Debug|x86 = Debug|x86
		Release|x64 = Release|x64
		Release|x86 = Release|x86
	EndGlobalSection
	GlobalSection(ProjectConfigurationPlatforms) = postSolution
		{194C4B3E-033A-409B-94EA-12F2FCF90E73}.Debug|x64.ActiveCfg = Debug|x64
		{194C4B3E-033A-409B-94EA-12F2FCF90E73}.Debug|x64.Build.0 = Debug|x64
		{194C4B3E-033A-409B-94EA-12F2FCF90E73}.Debug|x86.ActiveCfg = Debug|Win32
		{194C4B3E-033A-409B-94EA-12F2FCF90E73}.Debug|x86.Build.0 = Debug|Win32
		{194C4B3E-033A-409B-94EA-12F2FCF90E73}.Release|x64.ActiveCfg = Release|x64
		{194C4B3E-033A-409B-94EA-12F2FCF90E73}.Release|x64.Build.0 = Release|x64
		{194C4B3E-033A-409B-94EA-12F2FCF90E73}.Release|x86.ActiveCfg = Release|Win32
		{194C4B3E-033A-409B-94EA-12F2FCF90E73}.Release|x86.Build.0 = Release|Win32
		{50D4AAC7-D361-4873-BACC-103626B7C412}.Debug|x64.ActiveCfg = Debug|x64
		{50D4AAC7-D361-4873-BACC-103626B7C412}.Debug|x64.Build.0 = Debug|x64
		{50D4AAC7-D361-4873-BACC-103626B7C412}.Debug|x86.ActiveCfg = Debug|Win32
		{50D4AAC7-D361-4873-BACC-103626B7C412}.Debug|x86.Build.0 = Debug|Win32
		{50D4AAC7-D361-4873-BACC-103626B7C412}.Release|x64.ActiveCfg = Release|x64
		{50D4AAC7-D361-4873-BACC-103626B7C412}.Release|x64.Build.0 = Release|x64
		{50D4AAC7-D361-4873-BACC-103626B7C412}.Release|x86.ActiveCfg = Release|Win32
		{50D4AAC7-D361-4873-BACC-103626B7C412}.Release|x86.Build.0 = Release|Win32
		{536B41A7-5422-42E0-8301-98328AC28E70}.Debug|x64.ActiveCfg = Debug|x64
		{536B41A7-5422-42E0-8301-98328AC28E70}.Debug|x64.Build.0 = Debug|x64
		{536B41A7-5422-42E0-8301-98328AC28E70}.Debug|x86.ActiveCfg = Debug|Win32
		{536B41A7-5422-42E0-8301-98328AC28E70}.Debug|x86.Build.0 = Debug|Win32
		{536B41A7-5422-42E0-8301-98328AC28E70}.Release|x64.ActiveCfg = Release|x64
		{536B41A7-5422-42E0-8301-98328AC28E70}.Release|x64.Build.0 = Release|x64
		{536B41A7-5422-42E0-8301-98328AC28E70}.Release|x86.ActiveCfg = Release|Win32
		{536B41A7-5422-42E0-8301-98328AC28E70}.Release|x86.Build.0 = Release|Win32
	EndGlobalSection
	GlobalSection(SolutionProperties) = preSolution
		HideSolutionNode = FALSE
	EndGlobalSection
	GlobalSection(ExtensibilityGlobals) = postSolution
		SolutionGuid = {7F2E0ED9-82D5-426B-8097-9FA1F61AB960}
	EndGlobalSection
EndGlobal
